
Microsoft Visual Studio Solution File, Format Version 12.00
# Visual Studio Version 16
VisualStudioVersion = 16.0.31313.79
MinimumVisualStudioVersion = 10.0.40219.1
Project("{FAE04EC0-301F-11D3-BF4B-00C04F79EFBC}") = "DataAccess", "DataAccess\DataAccess.csproj", "{0EAEE489-D0C1-4A1B-8140-B7D0F19300E8}"
EndProject
Project("{FAE04EC0-301F-11D3-BF4B-00C04F79EFBC}") = "Domain", "Domain\Domain.csproj", "{EC409394-CEE3-4666-A5D1-F37FB9729277}"
EndProject
Project("{FAE04EC0-301F-11D3-BF4B-00C04F79EFBC}") = "Presentation", "Presentation\Presentation.csproj", "{40BE9C1E-F11E-4943-A32F-46EBADB08355}"
EndProject
Global
	GlobalSection(SolutionConfigurationPlatforms) = preSolution
		Debug|Any CPU = Debug|Any CPU
		Release|Any CPU = Release|Any CPU
	EndGlobalSection
	GlobalSection(ProjectConfigurationPlatforms) = postSolution
		{0EAEE489-D0C1-4A1B-8140-B7D0F19300E8}.Debug|Any CPU.ActiveCfg = Debug|Any CPU
		{0EAEE489-D0C1-4A1B-8140-B7D0F19300E8}.Debug|Any CPU.Build.0 = Debug|Any CPU
		{0EAEE489-D0C1-4A1B-8140-B7D0F19300E8}.Release|Any CPU.ActiveCfg = Release|Any CPU
		{0EAEE489-D0C1-4A1B-8140-B7D0F19300E8}.Release|Any CPU.Build.0 = Release|Any CPU
		{EC409394-CEE3-4666-A5D1-F37FB9729277}.Debug|Any CPU.ActiveCfg = Debug|Any CPU
		{EC409394-CEE3-4666-A5D1-F37FB9729277}.Debug|Any CPU.Build.0 = Debug|Any CPU
		{EC409394-CEE3-4666-A5D1-F37FB9729277}.Release|Any CPU.ActiveCfg = Release|Any CPU
		{EC409394-CEE3-4666-A5D1-F37FB9729277}.Release|Any CPU.Build.0 = Release|Any CPU
		{40BE9C1E-F11E-4943-A32F-46EBADB08355}.Debug|Any CPU.ActiveCfg = Debug|Any CPU
		{40BE9C1E-F11E-4943-A32F-46EBADB08355}.Debug|Any CPU.Build.0 = Debug|Any CPU
		{40BE9C1E-F11E-4943-A32F-46EBADB08355}.Release|Any CPU.ActiveCfg = Release|Any CPU
		{40BE9C1E-F11E-4943-A32F-46EBADB08355}.Release|Any CPU.Build.0 = Release|Any CPU
	EndGlobalSection
	GlobalSection(SolutionProperties) = preSolution
		HideSolutionNode = FALSE
	EndGlobalSection
	GlobalSection(ExtensibilityGlobals) = postSolution
		SolutionGuid = {0D17DC70-2CBF-4591-A640-74CB8734A820}
	EndGlobalSection
EndGlobal
